
Microsoft Visual Studio Solution File, Format Version 12.00
# Visual Studio Version 17
VisualStudioVersion = 17.12.35707.178 d17.12
MinimumVisualStudioVersion = 10.0.40219.1
Project("{FAE04EC0-301F-11D3-BF4B-00C04F79EFBC}") = "TypoChecker", "TypoChecker\TypoChecker.csproj", "{D70B9B19-A41D-4CF7-A087-7C886B034C39}"
EndProject
Project("{FAE04EC0-301F-11D3-BF4B-00C04F79EFBC}") = "TypoChecker.UI", "TypoChecker.UI\TypoChecker.UI.csproj", "{AF1DD1C4-D9A7-412F-812F-3D8BD4D315ED}"
EndProject
Project("{FAE04EC0-301F-11D3-BF4B-00C04F79EFBC}") = "TypoChecker.UI.Desktop", "TypoChecker.UI.Desktop\TypoChecker.UI.Desktop.csproj", "{A2A830E2-35BC-411A-AD65-D2174EBF58C0}"
EndProject
Global
	GlobalSection(SolutionConfigurationPlatforms) = preSolution
		Debug|Any CPU = Debug|Any CPU
		Release|Any CPU = Release|Any CPU
	EndGlobalSection
	GlobalSection(ProjectConfigurationPlatforms) = postSolution
		{D70B9B19-A41D-4CF7-A087-7C886B034C39}.Debug|Any CPU.ActiveCfg = Debug|Any CPU
		{D70B9B19-A41D-4CF7-A087-7C886B034C39}.Debug|Any CPU.Build.0 = Debug|Any CPU
		{D70B9B19-A41D-4CF7-A087-7C886B034C39}.Release|Any CPU.ActiveCfg = Release|Any CPU
		{D70B9B19-A41D-4CF7-A087-7C886B034C39}.Release|Any CPU.Build.0 = Release|Any CPU
		{AF1DD1C4-D9A7-412F-812F-3D8BD4D315ED}.Debug|Any CPU.ActiveCfg = Debug|Any CPU
		{AF1DD1C4-D9A7-412F-812F-3D8BD4D315ED}.Debug|Any CPU.Build.0 = Debug|Any CPU
		{AF1DD1C4-D9A7-412F-812F-3D8BD4D315ED}.Release|Any CPU.ActiveCfg = Release|Any CPU
		{AF1DD1C4-D9A7-412F-812F-3D8BD4D315ED}.Release|Any CPU.Build.0 = Release|Any CPU
		{A2A830E2-35BC-411A-AD65-D2174EBF58C0}.Debug|Any CPU.ActiveCfg = Debug|Any CPU
		{A2A830E2-35BC-411A-AD65-D2174EBF58C0}.Debug|Any CPU.Build.0 = Debug|Any CPU
		{A2A830E2-35BC-411A-AD65-D2174EBF58C0}.Release|Any CPU.ActiveCfg = Release|Any CPU
		{A2A830E2-35BC-411A-AD65-D2174EBF58C0}.Release|Any CPU.Build.0 = Release|Any CPU
	EndGlobalSection
	GlobalSection(SolutionProperties) = preSolution
		HideSolutionNode = FALSE
	EndGlobalSection
EndGlobal
